// !$*UTF8*$!
{
	archiveVersion = 1;
	classes = {
	};
	objectVersion = 56;
	objects = {

/* Begin PBXBuildFile section */
		F69CE6502B47AB20004AC288 /* Multipart in Frameworks */ = {isa = PBXBuildFile; productRef = F69CE64F2B47AB20004AC288 /* Multipart */; };
		F69CE6532B497CC9004AC288 /* UIColor + Extension.swift in Sources */ = {isa = PBXBuildFile; fileRef = F69CE6522B497CC9004AC288 /* UIColor + Extension.swift */; };
		F6A2BBBD2B499765009AC635 /* ViewControllerView.swift in Sources */ = {isa = PBXBuildFile; fileRef = F6A2BBBC2B499765009AC635 /* ViewControllerView.swift */; };
		F6C393AF2B3F98270088CBA6 /* AppDelegate.swift in Sources */ = {isa = PBXBuildFile; fileRef = F6C393AE2B3F98270088CBA6 /* AppDelegate.swift */; };
		F6C393B12B3F98270088CBA6 /* SceneDelegate.swift in Sources */ = {isa = PBXBuildFile; fileRef = F6C393B02B3F98270088CBA6 /* SceneDelegate.swift */; };
		F6C393B32B3F98270088CBA6 /* ViewController.swift in Sources */ = {isa = PBXBuildFile; fileRef = F6C393B22B3F98270088CBA6 /* ViewController.swift */; };
		F6C393B82B3F98280088CBA6 /* Assets.xcassets in Resources */ = {isa = PBXBuildFile; fileRef = F6C393B72B3F98280088CBA6 /* Assets.xcassets */; };
		F6C393BB2B3F98280088CBA6 /* LaunchScreen.storyboard in Resources */ = {isa = PBXBuildFile; fileRef = F6C393B92B3F98280088CBA6 /* LaunchScreen.storyboard */; };
		F6C393C92B3F98420088CBA6 /* SDWebImage in Frameworks */ = {isa = PBXBuildFile; productRef = F6C393C82B3F98420088CBA6 /* SDWebImage */; };
		F6C393CB2B3F98420088CBA6 /* SDWebImageMapKit in Frameworks */ = {isa = PBXBuildFile; productRef = F6C393CA2B3F98420088CBA6 /* SDWebImageMapKit */; };
		F6C393D02B3F9A000088CBA6 /* PhotoType.swift in Sources */ = {isa = PBXBuildFile; fileRef = F6C393CF2B3F9A000088CBA6 /* PhotoType.swift */; };
		F6C393D32B3F9A280088CBA6 /* ApiManager.swift in Sources */ = {isa = PBXBuildFile; fileRef = F6C393D22B3F9A280088CBA6 /* ApiManager.swift */; };
		F6C393D52B3F9D5E0088CBA6 /* PhotoCollectionViewCell.swift in Sources */ = {isa = PBXBuildFile; fileRef = F6C393D42B3F9D5E0088CBA6 /* PhotoCollectionViewCell.swift */; };
		F6C393D92B3FCAD30088CBA6 /* ExtensionsViewController.swift in Sources */ = {isa = PBXBuildFile; fileRef = F6C393D82B3FCAD30088CBA6 /* ExtensionsViewController.swift */; };
		F6EB55382B40B9350022752B /* SnapKit in Frameworks */ = {isa = PBXBuildFile; productRef = F6EB55372B40B9350022752B /* SnapKit */; };
/* End PBXBuildFile section */

/* Begin PBXFileReference section */
		F69CE6522B497CC9004AC288 /* UIColor + Extension.swift */ = {isa = PBXFileReference; lastKnownFileType = sourcecode.swift; path = "UIColor + Extension.swift"; sourceTree = "<group>"; };
		F6A2BBBC2B499765009AC635 /* ViewControllerView.swift */ = {isa = PBXFileReference; lastKnownFileType = sourcecode.swift; path = ViewControllerView.swift; sourceTree = "<group>"; };
		F6C393AB2B3F98270088CBA6 /* Test_Balinasoft.app */ = {isa = PBXFileReference; explicitFileType = wrapper.application; includeInIndex = 0; path = Test_Balinasoft.app; sourceTree = BUILT_PRODUCTS_DIR; };
		F6C393AE2B3F98270088CBA6 /* AppDelegate.swift */ = {isa = PBXFileReference; lastKnownFileType = sourcecode.swift; path = AppDelegate.swift; sourceTree = "<group>"; };
		F6C393B02B3F98270088CBA6 /* SceneDelegate.swift */ = {isa = PBXFileReference; lastKnownFileType = sourcecode.swift; path = SceneDelegate.swift; sourceTree = "<group>"; };
		F6C393B22B3F98270088CBA6 /* ViewController.swift */ = {isa = PBXFileReference; lastKnownFileType = sourcecode.swift; path = ViewController.swift; sourceTree = "<group>"; };
		F6C393B72B3F98280088CBA6 /* Assets.xcassets */ = {isa = PBXFileReference; lastKnownFileType = folder.assetcatalog; path = Assets.xcassets; sourceTree = "<group>"; };
		F6C393BA2B3F98280088CBA6 /* Base */ = {isa = PBXFileReference; lastKnownFileType = file.storyboard; name = Base; path = Base.lproj/LaunchScreen.storyboard; sourceTree = "<group>"; };
		F6C393BC2B3F98280088CBA6 /* Info.plist */ = {isa = PBXFileReference; lastKnownFileType = text.plist.xml; path = Info.plist; sourceTree = "<group>"; };
		F6C393CF2B3F9A000088CBA6 /* PhotoType.swift */ = {isa = PBXFileReference; lastKnownFileType = sourcecode.swift; path = PhotoType.swift; sourceTree = "<group>"; };
		F6C393D22B3F9A280088CBA6 /* ApiManager.swift */ = {isa = PBXFileReference; lastKnownFileType = sourcecode.swift; path = ApiManager.swift; sourceTree = "<group>"; };
		F6C393D42B3F9D5E0088CBA6 /* PhotoCollectionViewCell.swift */ = {isa = PBXFileReference; lastKnownFileType = sourcecode.swift; path = PhotoCollectionViewCell.swift; sourceTree = "<group>"; };
		F6C393D82B3FCAD30088CBA6 /* ExtensionsViewController.swift */ = {isa = PBXFileReference; lastKnownFileType = sourcecode.swift; path = ExtensionsViewController.swift; sourceTree = "<group>"; };
/* End PBXFileReference section */

/* Begin PBXFrameworksBuildPhase section */
		F6C393A82B3F98270088CBA6 /* Frameworks */ = {
			isa = PBXFrameworksBuildPhase;
			buildActionMask = 2147483647;
			files = (
				F6EB55382B40B9350022752B /* SnapKit in Frameworks */,
				F6C393C92B3F98420088CBA6 /* SDWebImage in Frameworks */,
				F6C393CB2B3F98420088CBA6 /* SDWebImageMapKit in Frameworks */,
				F69CE6502B47AB20004AC288 /* Multipart in Frameworks */,
			);
			runOnlyForDeploymentPostprocessing = 0;
		};
/* End PBXFrameworksBuildPhase section */

/* Begin PBXGroup section */
		F69CE6512B497CAA004AC288 /* Extension */ = {
			isa = PBXGroup;
			children = (
				F69CE6522B497CC9004AC288 /* UIColor + Extension.swift */,
			);
			path = Extension;
			sourceTree = "<group>";
		};
		F6A2BBBE2B499A06009AC635 /* ViewController */ = {
			isa = PBXGroup;
			children = (
				F6C393B22B3F98270088CBA6 /* ViewController.swift */,
				F6A2BBBC2B499765009AC635 /* ViewControllerView.swift */,
			);
			path = ViewController;
			sourceTree = "<group>";
		};
		F6C393A22B3F98270088CBA6 = {
			isa = PBXGroup;
			children = (
				F6C393AD2B3F98270088CBA6 /* Test_Balinasoft */,
				F6C393AC2B3F98270088CBA6 /* Products */,
			);
			sourceTree = "<group>";
		};
		F6C393AC2B3F98270088CBA6 /* Products */ = {
			isa = PBXGroup;
			children = (
				F6C393AB2B3F98270088CBA6 /* Test_Balinasoft.app */,
			);
			name = Products;
			sourceTree = "<group>";
		};
		F6C393AD2B3F98270088CBA6 /* Test_Balinasoft */ = {
			isa = PBXGroup;
			children = (
				F6C393D12B3F9A170088CBA6 /* API */,
				F6C393CC2B3F984D0088CBA6 /* Application */,
				F69CE6512B497CAA004AC288 /* Extension */,
				F6C393CD2B3F98580088CBA6 /* Presentation */,
				F6C393CE2B3F98610088CBA6 /* Supporting */,
			);
			path = Test_Balinasoft;
			sourceTree = "<group>";
		};
		F6C393CC2B3F984D0088CBA6 /* Application */ = {
			isa = PBXGroup;
			children = (
				F6C393AE2B3F98270088CBA6 /* AppDelegate.swift */,
				F6C393B02B3F98270088CBA6 /* SceneDelegate.swift */,
			);
			path = Application;
			sourceTree = "<group>";
		};
		F6C393CD2B3F98580088CBA6 /* Presentation */ = {
			isa = PBXGroup;
			children = (
				F6A2BBBE2B499A06009AC635 /* ViewController */,
				F6C393D42B3F9D5E0088CBA6 /* PhotoCollectionViewCell.swift */,
				F6C393D82B3FCAD30088CBA6 /* ExtensionsViewController.swift */,
			);
			path = Presentation;
			sourceTree = "<group>";
		};
		F6C393CE2B3F98610088CBA6 /* Supporting */ = {
			isa = PBXGroup;
			children = (
				F6C393B72B3F98280088CBA6 /* Assets.xcassets */,
				F6C393B92B3F98280088CBA6 /* LaunchScreen.storyboard */,
				F6C393BC2B3F98280088CBA6 /* Info.plist */,
			);
			path = Supporting;
			sourceTree = "<group>";
		};
		F6C393D12B3F9A170088CBA6 /* API */ = {
			isa = PBXGroup;
			children = (
				F6C393D22B3F9A280088CBA6 /* ApiManager.swift */,
				F6C393CF2B3F9A000088CBA6 /* PhotoType.swift */,
			);
			path = API;
			sourceTree = "<group>";
		};
/* End PBXGroup section */

/* Begin PBXNativeTarget section */
		F6C393AA2B3F98270088CBA6 /* Test_Balinasoft */ = {
			isa = PBXNativeTarget;
			buildConfigurationList = F6C393BF2B3F98280088CBA6 /* Build configuration list for PBXNativeTarget "Test_Balinasoft" */;
			buildPhases = (
				F6C393A72B3F98270088CBA6 /* Sources */,
				F6C393A82B3F98270088CBA6 /* Frameworks */,
				F6C393A92B3F98270088CBA6 /* Resources */,
			);
			buildRules = (
			);
			dependencies = (
			);
			name = Test_Balinasoft;
			packageProductDependencies = (
				F6C393C82B3F98420088CBA6 /* SDWebImage */,
				F6C393CA2B3F98420088CBA6 /* SDWebImageMapKit */,
				F6EB55372B40B9350022752B /* SnapKit */,
				F69CE64F2B47AB20004AC288 /* Multipart */,
			);
			productName = Test_Balinasoft;
			productReference = F6C393AB2B3F98270088CBA6 /* Test_Balinasoft.app */;
			productType = "com.apple.product-type.application";
		};
/* End PBXNativeTarget section */

/* Begin PBXProject section */
		F6C393A32B3F98270088CBA6 /* Project object */ = {
			isa = PBXProject;
			attributes = {
				BuildIndependentTargetsInParallel = 1;
				LastSwiftUpdateCheck = 1510;
				LastUpgradeCheck = 1510;
				TargetAttributes = {
					F6C393AA2B3F98270088CBA6 = {
						CreatedOnToolsVersion = 15.1;
					};
				};
			};
			buildConfigurationList = F6C393A62B3F98270088CBA6 /* Build configuration list for PBXProject "Test_Balinasoft" */;
			compatibilityVersion = "Xcode 14.0";
			developmentRegion = en;
			hasScannedForEncodings = 0;
			knownRegions = (
				en,
				Base,
			);
			mainGroup = F6C393A22B3F98270088CBA6;
			packageReferences = (
				F6C393C72B3F98420088CBA6 /* XCRemoteSwiftPackageReference "SDWebImage" */,
				F6EB55362B40B9350022752B /* XCRemoteSwiftPackageReference "SnapKit" */,
				F69CE64E2B47AB20004AC288 /* XCRemoteSwiftPackageReference "Multipart" */,
			);
			productRefGroup = F6C393AC2B3F98270088CBA6 /* Products */;
			projectDirPath = "";
			projectRoot = "";
			targets = (
				F6C393AA2B3F98270088CBA6 /* Test_Balinasoft */,
			);
		};
/* End PBXProject section */

/* Begin PBXResourcesBuildPhase section */
		F6C393A92B3F98270088CBA6 /* Resources */ = {
			isa = PBXResourcesBuildPhase;
			buildActionMask = 2147483647;
			files = (
				F6C393BB2B3F98280088CBA6 /* LaunchScreen.storyboard in Resources */,
				F6C393B82B3F98280088CBA6 /* Assets.xcassets in Resources */,
			);
			runOnlyForDeploymentPostprocessing = 0;
		};
/* End PBXResourcesBuildPhase section */

/* Begin PBXSourcesBuildPhase section */
		F6C393A72B3F98270088CBA6 /* Sources */ = {
			isa = PBXSourcesBuildPhase;
			buildActionMask = 2147483647;
			files = (
				F6C393B32B3F98270088CBA6 /* ViewController.swift in Sources */,
				F69CE6532B497CC9004AC288 /* UIColor + Extension.swift in Sources */,
				F6C393AF2B3F98270088CBA6 /* AppDelegate.swift in Sources */,
				F6C393D32B3F9A280088CBA6 /* ApiManager.swift in Sources */,
				F6C393D92B3FCAD30088CBA6 /* ExtensionsViewController.swift in Sources */,
				F6C393B12B3F98270088CBA6 /* SceneDelegate.swift in Sources */,
				F6C393D02B3F9A000088CBA6 /* PhotoType.swift in Sources */,
				F6A2BBBD2B499765009AC635 /* ViewControllerView.swift in Sources */,
				F6C393D52B3F9D5E0088CBA6 /* PhotoCollectionViewCell.swift in Sources */,
			);
			runOnlyForDeploymentPostprocessing = 0;
		};
/* End PBXSourcesBuildPhase section */

/* Begin PBXVariantGroup section */
		F6C393B92B3F98280088CBA6 /* LaunchScreen.storyboard */ = {
			isa = PBXVariantGroup;
			children = (
				F6C393BA2B3F98280088CBA6 /* Base */,
			);
			name = LaunchScreen.storyboard;
			sourceTree = "<group>";
		};
/* End PBXVariantGroup section */

/* Begin XCBuildConfiguration section */
		F6C393BD2B3F98280088CBA6 /* Debug */ = {
			isa = XCBuildConfiguration;
			buildSettings = {
				ALWAYS_SEARCH_USER_PATHS = NO;
				ASSETCATALOG_COMPILER_GENERATE_SWIFT_ASSET_SYMBOL_EXTENSIONS = YES;
				CLANG_ANALYZER_NONNULL = YES;
				CLANG_ANALYZER_NUMBER_OBJECT_CONVERSION = YES_AGGRESSIVE;
				CLANG_CXX_LANGUAGE_STANDARD = "gnu++20";
				CLANG_ENABLE_MODULES = YES;
				CLANG_ENABLE_OBJC_ARC = YES;
				CLANG_ENABLE_OBJC_WEAK = YES;
				CLANG_WARN_BLOCK_CAPTURE_AUTORELEASING = YES;
				CLANG_WARN_BOOL_CONVERSION = YES;
				CLANG_WARN_COMMA = YES;
				CLANG_WARN_CONSTANT_CONVERSION = YES;
				CLANG_WARN_DEPRECATED_OBJC_IMPLEMENTATIONS = YES;
				CLANG_WARN_DIRECT_OBJC_ISA_USAGE = YES_ERROR;
				CLANG_WARN_DOCUMENTATION_COMMENTS = YES;
				CLANG_WARN_EMPTY_BODY = YES;
				CLANG_WARN_ENUM_CONVERSION = YES;
				CLANG_WARN_INFINITE_RECURSION = YES;
				CLANG_WARN_INT_CONVERSION = YES;
				CLANG_WARN_NON_LITERAL_NULL_CONVERSION = YES;
				CLANG_WARN_OBJC_IMPLICIT_RETAIN_SELF = YES;
				CLANG_WARN_OBJC_LITERAL_CONVERSION = YES;
				CLANG_WARN_OBJC_ROOT_CLASS = YES_ERROR;
				CLANG_WARN_QUOTED_INCLUDE_IN_FRAMEWORK_HEADER = YES;
				CLANG_WARN_RANGE_LOOP_ANALYSIS = YES;
				CLANG_WARN_STRICT_PROTOTYPES = YES;
				CLANG_WARN_SUSPICIOUS_MOVE = YES;
				CLANG_WARN_UNGUARDED_AVAILABILITY = YES_AGGRESSIVE;
				CLANG_WARN_UNREACHABLE_CODE = YES;
				CLANG_WARN__DUPLICATE_METHOD_MATCH = YES;
				COPY_PHASE_STRIP = NO;
				DEBUG_INFORMATION_FORMAT = dwarf;
				ENABLE_STRICT_OBJC_MSGSEND = YES;
				ENABLE_TESTABILITY = YES;
				ENABLE_USER_SCRIPT_SANDBOXING = YES;
				GCC_C_LANGUAGE_STANDARD = gnu17;
				GCC_DYNAMIC_NO_PIC = NO;
				GCC_NO_COMMON_BLOCKS = YES;
				GCC_OPTIMIZATION_LEVEL = 0;
				GCC_PREPROCESSOR_DEFINITIONS = (
					"DEBUG=1",
					"$(inherited)",
				);
				GCC_WARN_64_TO_32_BIT_CONVERSION = YES;
				GCC_WARN_ABOUT_RETURN_TYPE = YES_ERROR;
				GCC_WARN_UNDECLARED_SELECTOR = YES;
				GCC_WARN_UNINITIALIZED_AUTOS = YES_AGGRESSIVE;
				GCC_WARN_UNUSED_FUNCTION = YES;
				GCC_WARN_UNUSED_VARIABLE = YES;
				IPHONEOS_DEPLOYMENT_TARGET = 15.2;
				LOCALIZATION_PREFERS_STRING_CATALOGS = YES;
				MTL_ENABLE_DEBUG_INFO = INCLUDE_SOURCE;
				MTL_FAST_MATH = YES;
				ONLY_ACTIVE_ARCH = YES;
				SDKROOT = iphoneos;
				SWIFT_ACTIVE_COMPILATION_CONDITIONS = "DEBUG $(inherited)";
				SWIFT_OPTIMIZATION_LEVEL = "-Onone";
			};
			name = Debug;
		};
		F6C393BE2B3F98280088CBA6 /* Release */ = {
			isa = XCBuildConfiguration;
			buildSettings = {
				ALWAYS_SEARCH_USER_PATHS = NO;
				ASSETCATALOG_COMPILER_GENERATE_SWIFT_ASSET_SYMBOL_EXTENSIONS = YES;
				CLANG_ANALYZER_NONNULL = YES;
				CLANG_ANALYZER_NUMBER_OBJECT_CONVERSION = YES_AGGRESSIVE;
				CLANG_CXX_LANGUAGE_STANDARD = "gnu++20";
				CLANG_ENABLE_MODULES = YES;
				CLANG_ENABLE_OBJC_ARC = YES;
				CLANG_ENABLE_OBJC_WEAK = YES;
				CLANG_WARN_BLOCK_CAPTURE_AUTORELEASING = YES;
				CLANG_WARN_BOOL_CONVERSION = YES;
				CLANG_WARN_COMMA = YES;
				CLANG_WARN_CONSTANT_CONVERSION = YES;
				CLANG_WARN_DEPRECATED_OBJC_IMPLEMENTATIONS = YES;
				CLANG_WARN_DIRECT_OBJC_ISA_USAGE = YES_ERROR;
				CLANG_WARN_DOCUMENTATION_COMMENTS = YES;
				CLANG_WARN_EMPTY_BODY = YES;
				CLANG_WARN_ENUM_CONVERSION = YES;
				CLANG_WARN_INFINITE_RECURSION = YES;
				CLANG_WARN_INT_CONVERSION = YES;
				CLANG_WARN_NON_LITERAL_NULL_CONVERSION = YES;
				CLANG_WARN_OBJC_IMPLICIT_RETAIN_SELF = YES;
				CLANG_WARN_OBJC_LITERAL_CONVERSION = YES;
				CLANG_WARN_OBJC_ROOT_CLASS = YES_ERROR;
				CLANG_WARN_QUOTED_INCLUDE_IN_FRAMEWORK_HEADER = YES;
				CLANG_WARN_RANGE_LOOP_ANALYSIS = YES;
				CLANG_WARN_STRICT_PROTOTYPES = YES;
				CLANG_WARN_SUSPICIOUS_MOVE = YES;
				CLANG_WARN_UNGUARDED_AVAILABILITY = YES_AGGRESSIVE;
				CLANG_WARN_UNREACHABLE_CODE = YES;
				CLANG_WARN__DUPLICATE_METHOD_MATCH = YES;
				COPY_PHASE_STRIP = NO;
				DEBUG_INFORMATION_FORMAT = "dwarf-with-dsym";
				ENABLE_NS_ASSERTIONS = NO;
				ENABLE_STRICT_OBJC_MSGSEND = YES;
				ENABLE_USER_SCRIPT_SANDBOXING = YES;
				GCC_C_LANGUAGE_STANDARD = gnu17;
				GCC_NO_COMMON_BLOCKS = YES;
				GCC_WARN_64_TO_32_BIT_CONVERSION = YES;
				GCC_WARN_ABOUT_RETURN_TYPE = YES_ERROR;
				GCC_WARN_UNDECLARED_SELECTOR = YES;
				GCC_WARN_UNINITIALIZED_AUTOS = YES_AGGRESSIVE;
				GCC_WARN_UNUSED_FUNCTION = YES;
				GCC_WARN_UNUSED_VARIABLE = YES;
				IPHONEOS_DEPLOYMENT_TARGET = 15.2;
				LOCALIZATION_PREFERS_STRING_CATALOGS = YES;
				MTL_ENABLE_DEBUG_INFO = NO;
				MTL_FAST_MATH = YES;
				SDKROOT = iphoneos;
				SWIFT_COMPILATION_MODE = wholemodule;
				VALIDATE_PRODUCT = YES;
			};
			name = Release;
		};
		F6C393C02B3F98280088CBA6 /* Debug */ = {
			isa = XCBuildConfiguration;
			buildSettings = {
				ASSETCATALOG_COMPILER_APPICON_NAME = AppIcon;
				ASSETCATALOG_COMPILER_GLOBAL_ACCENT_COLOR_NAME = AccentColor;
				CODE_SIGN_IDENTITY = "Apple Development";
				CODE_SIGN_STYLE = Automatic;
				CURRENT_PROJECT_VERSION = 1;
				DEVELOPMENT_TEAM = G74Y6W9VTA;
				GENERATE_INFOPLIST_FILE = YES;
				INFOPLIST_FILE = Test_Balinasoft/Supporting/Info.plist;
				INFOPLIST_KEY_UIApplicationSupportsIndirectInputEvents = YES;
				INFOPLIST_KEY_UILaunchStoryboardName = LaunchScreen;
				INFOPLIST_KEY_UISupportedInterfaceOrientations_iPad = "UIInterfaceOrientationPortrait UIInterfaceOrientationPortraitUpsideDown UIInterfaceOrientationLandscapeLeft UIInterfaceOrientationLandscapeRight";
				INFOPLIST_KEY_UISupportedInterfaceOrientations_iPhone = "UIInterfaceOrientationPortrait UIInterfaceOrientationLandscapeLeft UIInterfaceOrientationLandscapeRight";
				LD_RUNPATH_SEARCH_PATHS = (
					"$(inherited)",
					"@executable_path/Frameworks",
				);
				MARKETING_VERSION = 1.0;
				PRODUCT_BUNDLE_IDENTIFIER = "Test-Balinasoft";
				PRODUCT_NAME = "$(TARGET_NAME)";
				PROVISIONING_PROFILE_SPECIFIER = "";
				SUPPORTED_PLATFORMS = "iphoneos iphonesimulator";
				SUPPORTS_MACCATALYST = NO;
				SUPPORTS_MAC_DESIGNED_FOR_IPHONE_IPAD = NO;
				SWIFT_EMIT_LOC_STRINGS = YES;
				SWIFT_VERSION = 5.0;
				TARGETED_DEVICE_FAMILY = 1;
			};
			name = Debug;
		};
		F6C393C12B3F98280088CBA6 /* Release */ = {
			isa = XCBuildConfiguration;
			buildSettings = {
				ASSETCATALOG_COMPILER_APPICON_NAME = AppIcon;
				ASSETCATALOG_COMPILER_GLOBAL_ACCENT_COLOR_NAME = AccentColor;
				CODE_SIGN_IDENTITY = "Apple Development";
				CODE_SIGN_STYLE = Automatic;
				CURRENT_PROJECT_VERSION = 1;
				DEVELOPMENT_TEAM = G74Y6W9VTA;
				GENERATE_INFOPLIST_FILE = YES;
				INFOPLIST_FILE = Test_Balinasoft/Supporting/Info.plist;
				INFOPLIST_KEY_UIApplicationSupportsIndirectInputEvents = YES;
				INFOPLIST_KEY_UILaunchStoryboardName = LaunchScreen;
				INFOPLIST_KEY_UISupportedInterfaceOrientations_iPad = "UIInterfaceOrientationPortrait UIInterfaceOrientationPortraitUpsideDown UIInterfaceOrientationLandscapeLeft UIInterfaceOrientationLandscapeRight";
				INFOPLIST_KEY_UISupportedInterfaceOrientations_iPhone = "UIInterfaceOrientationPortrait UIInterfaceOrientationLandscapeLeft UIInterfaceOrientationLandscapeRight";
				LD_RUNPATH_SEARCH_PATHS = (
					"$(inherited)",
					"@executable_path/Frameworks",
				);
				MARKETING_VERSION = 1.0;
				PRODUCT_BUNDLE_IDENTIFIER = "Test-Balinasoft";
				PRODUCT_NAME = "$(TARGET_NAME)";
				PROVISIONING_PROFILE_SPECIFIER = "";
				SUPPORTED_PLATFORMS = "iphoneos iphonesimulator";
				SUPPORTS_MACCATALYST = NO;
				SUPPORTS_MAC_DESIGNED_FOR_IPHONE_IPAD = NO;
				SWIFT_EMIT_LOC_STRINGS = YES;
				SWIFT_VERSION = 5.0;
				TARGETED_DEVICE_FAMILY = 1;
			};
			name = Release;
		};
/* End XCBuildConfiguration section */

/* Begin XCConfigurationList section */
		F6C393A62B3F98270088CBA6 /* Build configuration list for PBXProject "Test_Balinasoft" */ = {
			isa = XCConfigurationList;
			buildConfigurations = (
				F6C393BD2B3F98280088CBA6 /* Debug */,
				F6C393BE2B3F98280088CBA6 /* Release */,
			);
			defaultConfigurationIsVisible = 0;
			defaultConfigurationName = Release;
		};
		F6C393BF2B3F98280088CBA6 /* Build configuration list for PBXNativeTarget "Test_Balinasoft" */ = {
			isa = XCConfigurationList;
			buildConfigurations = (
				F6C393C02B3F98280088CBA6 /* Debug */,
				F6C393C12B3F98280088CBA6 /* Release */,
			);
			defaultConfigurationIsVisible = 0;
			defaultConfigurationName = Release;
		};
/* End XCConfigurationList section */

/* Begin XCRemoteSwiftPackageReference section */
		F69CE64E2B47AB20004AC288 /* XCRemoteSwiftPackageReference "Multipart" */ = {
			isa = XCRemoteSwiftPackageReference;
			repositoryURL = "https://github.com/Fyrts/Multipart";
			requirement = {
				kind = upToNextMajorVersion;
				minimumVersion = 0.1.2;
			};
		};
		F6C393C72B3F98420088CBA6 /* XCRemoteSwiftPackageReference "SDWebImage" */ = {
			isa = XCRemoteSwiftPackageReference;
			repositoryURL = "https://github.com/SDWebImage/SDWebImage";
			requirement = {
				kind = upToNextMajorVersion;
				minimumVersion = 5.18.8;
			};
		};
		F6EB55362B40B9350022752B /* XCRemoteSwiftPackageReference "SnapKit" */ = {
			isa = XCRemoteSwiftPackageReference;
			repositoryURL = "https://github.com/SnapKit/SnapKit";
			requirement = {
				kind = upToNextMajorVersion;
				minimumVersion = 5.6.0;
			};
		};
/* End XCRemoteSwiftPackageReference section */

/* Begin XCSwiftPackageProductDependency section */
		F69CE64F2B47AB20004AC288 /* Multipart */ = {
			isa = XCSwiftPackageProductDependency;
			package = F69CE64E2B47AB20004AC288 /* XCRemoteSwiftPackageReference "Multipart" */;
			productName = Multipart;
		};
		F6C393C82B3F98420088CBA6 /* SDWebImage */ = {
			isa = XCSwiftPackageProductDependency;
			package = F6C393C72B3F98420088CBA6 /* XCRemoteSwiftPackageReference "SDWebImage" */;
			productName = SDWebImage;
		};
		F6C393CA2B3F98420088CBA6 /* SDWebImageMapKit */ = {
			isa = XCSwiftPackageProductDependency;
			package = F6C393C72B3F98420088CBA6 /* XCRemoteSwiftPackageReference "SDWebImage" */;
			productName = SDWebImageMapKit;
		};
		F6EB55372B40B9350022752B /* SnapKit */ = {
			isa = XCSwiftPackageProductDependency;
			package = F6EB55362B40B9350022752B /* XCRemoteSwiftPackageReference "SnapKit" */;
			productName = SnapKit;
		};
/* End XCSwiftPackageProductDependency section */
	};
	rootObject = F6C393A32B3F98270088CBA6 /* Project object */;
}
